
Microsoft Visual Studio Solution File, Format Version 12.00
# Visual Studio Version 17
VisualStudioVersion = 17.0.31903.59
MinimumVisualStudioVersion = 10.0.40219.1
Project("{2150E333-8FDC-42A3-9474-1A3956D46DE8}") = "src", "src", "{D030A937-EF7B-4A61-9050-EFB89F116F05}"
EndProject
Project("{FAE04EC0-301F-11D3-BF4B-00C04F79EFBC}") = "Attendance.Domain", "src\Attendance.Domain\Attendance.Domain.csproj", "{637BB92E-1E61-45A4-89F1-C0BEDD61473F}"
EndProject
Project("{FAE04EC0-301F-11D3-BF4B-00C04F79EFBC}") = "Attendance.Application", "src\Attendance.Application\Attendance.Application.csproj", "{C8D4495F-BFD0-4997-A37B-C8C25792C2FB}"
EndProject
Project("{FAE04EC0-301F-11D3-BF4B-00C04F79EFBC}") = "Attendance.Infrastructure", "src\Attendance.Infrastructure\Attendance.Infrastructure.csproj", "{FE1DECE8-B1A2-420C-BE78-0DA73FBB7A90}"
EndProject
Project("{FAE04EC0-301F-11D3-BF4B-00C04F79EFBC}") = "Attendance.Api", "src\Attendance.Api\Attendance.Api.csproj", "{2F38C6E6-D35B-438D-A629-46A406A8DACF}"
EndProject
Project("{2150E333-8FDC-42A3-9474-1A3956D46DE8}") = "tests", "tests", "{9CA2A89A-47A2-45F1-8E44-736166B73C17}"
EndProject
Project("{FAE04EC0-301F-11D3-BF4B-00C04F79EFBC}") = "Attendance.Tests", "tests\Attendance.Tests\Attendance.Tests.csproj", "{CBE2DC98-CABB-4DE6-B2DC-372954AA3E56}"
EndProject
Global
	GlobalSection(SolutionConfigurationPlatforms) = preSolution
		Debug|Any CPU = Debug|Any CPU
		Release|Any CPU = Release|Any CPU
	EndGlobalSection
	GlobalSection(SolutionProperties) = preSolution
		HideSolutionNode = FALSE
	EndGlobalSection
	GlobalSection(ProjectConfigurationPlatforms) = postSolution
		{637BB92E-1E61-45A4-89F1-C0BEDD61473F}.Debug|Any CPU.ActiveCfg = Debug|Any CPU
		{637BB92E-1E61-45A4-89F1-C0BEDD61473F}.Debug|Any CPU.Build.0 = Debug|Any CPU
		{637BB92E-1E61-45A4-89F1-C0BEDD61473F}.Release|Any CPU.ActiveCfg = Release|Any CPU
		{637BB92E-1E61-45A4-89F1-C0BEDD61473F}.Release|Any CPU.Build.0 = Release|Any CPU
		{C8D4495F-BFD0-4997-A37B-C8C25792C2FB}.Debug|Any CPU.ActiveCfg = Debug|Any CPU
		{C8D4495F-BFD0-4997-A37B-C8C25792C2FB}.Debug|Any CPU.Build.0 = Debug|Any CPU
		{C8D4495F-BFD0-4997-A37B-C8C25792C2FB}.Release|Any CPU.ActiveCfg = Release|Any CPU
		{C8D4495F-BFD0-4997-A37B-C8C25792C2FB}.Release|Any CPU.Build.0 = Release|Any CPU
		{FE1DECE8-B1A2-420C-BE78-0DA73FBB7A90}.Debug|Any CPU.ActiveCfg = Debug|Any CPU
		{FE1DECE8-B1A2-420C-BE78-0DA73FBB7A90}.Debug|Any CPU.Build.0 = Debug|Any CPU
		{FE1DECE8-B1A2-420C-BE78-0DA73FBB7A90}.Release|Any CPU.ActiveCfg = Release|Any CPU
		{FE1DECE8-B1A2-420C-BE78-0DA73FBB7A90}.Release|Any CPU.Build.0 = Release|Any CPU
		{2F38C6E6-D35B-438D-A629-46A406A8DACF}.Debug|Any CPU.ActiveCfg = Debug|Any CPU
		{2F38C6E6-D35B-438D-A629-46A406A8DACF}.Debug|Any CPU.Build.0 = Debug|Any CPU
		{2F38C6E6-D35B-438D-A629-46A406A8DACF}.Release|Any CPU.ActiveCfg = Release|Any CPU
		{2F38C6E6-D35B-438D-A629-46A406A8DACF}.Release|Any CPU.Build.0 = Release|Any CPU
		{CBE2DC98-CABB-4DE6-B2DC-372954AA3E56}.Debug|Any CPU.ActiveCfg = Debug|Any CPU
		{CBE2DC98-CABB-4DE6-B2DC-372954AA3E56}.Debug|Any CPU.Build.0 = Debug|Any CPU
		{CBE2DC98-CABB-4DE6-B2DC-372954AA3E56}.Release|Any CPU.ActiveCfg = Release|Any CPU
		{CBE2DC98-CABB-4DE6-B2DC-372954AA3E56}.Release|Any CPU.Build.0 = Release|Any CPU
	EndGlobalSection
	GlobalSection(NestedProjects) = preSolution
		{637BB92E-1E61-45A4-89F1-C0BEDD61473F} = {D030A937-EF7B-4A61-9050-EFB89F116F05}
		{C8D4495F-BFD0-4997-A37B-C8C25792C2FB} = {D030A937-EF7B-4A61-9050-EFB89F116F05}
		{FE1DECE8-B1A2-420C-BE78-0DA73FBB7A90} = {D030A937-EF7B-4A61-9050-EFB89F116F05}
		{2F38C6E6-D35B-438D-A629-46A406A8DACF} = {D030A937-EF7B-4A61-9050-EFB89F116F05}
		{CBE2DC98-CABB-4DE6-B2DC-372954AA3E56} = {9CA2A89A-47A2-45F1-8E44-736166B73C17}
	EndGlobalSection
EndGlobal
